// !$*UTF8*$!
{
	archiveVersion = 1;
	classes = {
	};
	objectVersion = 51;
	objects = {

/* Begin PBXBuildFile section */
		7D9122073F8C4EE2DB5264A6 /* Pods_wednesday.framework in Frameworks */ = {isa = PBXBuildFile; fileRef = D2037EE5C87E7E49320042D5 /* Pods_wednesday.framework */; };
		B16E9185238609E300B294BE /* AppDelegate.swift in Sources */ = {isa = PBXBuildFile; fileRef = B16E9184238609E300B294BE /* AppDelegate.swift */; };
		B16E9187238609E300B294BE /* ViewController.swift in Sources */ = {isa = PBXBuildFile; fileRef = B16E9186238609E300B294BE /* ViewController.swift */; };
		B16E918A238609E300B294BE /* Main.storyboard in Resources */ = {isa = PBXBuildFile; fileRef = B16E9188238609E300B294BE /* Main.storyboard */; };
		B16E918C238609E400B294BE /* Assets.xcassets in Resources */ = {isa = PBXBuildFile; fileRef = B16E918B238609E400B294BE /* Assets.xcassets */; };
		B16E918F238609E400B294BE /* LaunchScreen.storyboard in Resources */ = {isa = PBXBuildFile; fileRef = B16E918D238609E400B294BE /* LaunchScreen.storyboard */; };
		B1E3325C238708A4006B63C5 /* GoogleService-Info.plist in Resources */ = {isa = PBXBuildFile; fileRef = B1E3325B238708A4006B63C5 /* GoogleService-Info.plist */; };
		B1E3325E23870A2E006B63C5 /* createViewController.swift in Sources */ = {isa = PBXBuildFile; fileRef = B1E3325D23870A2E006B63C5 /* createViewController.swift */; };
		B1E3326023871C81006B63C5 /* mainViewController.swift in Sources */ = {isa = PBXBuildFile; fileRef = B1E3325F23871C81006B63C5 /* mainViewController.swift */; };
/* End PBXBuildFile section */

/* Begin PBXFileReference section */
		4122262E272333424C475CBC /* Pods-wednesday.release.xcconfig */ = {isa = PBXFileReference; includeInIndex = 1; lastKnownFileType = text.xcconfig; name = "Pods-wednesday.release.xcconfig"; path = "Target Support Files/Pods-wednesday/Pods-wednesday.release.xcconfig"; sourceTree = "<group>"; };
		7BA2A4C3A133F736B4FD74C3 /* Pods-wednesday.debug.xcconfig */ = {isa = PBXFileReference; includeInIndex = 1; lastKnownFileType = text.xcconfig; name = "Pods-wednesday.debug.xcconfig"; path = "Target Support Files/Pods-wednesday/Pods-wednesday.debug.xcconfig"; sourceTree = "<group>"; };
		B16E9181238609E300B294BE /* wednesday.app */ = {isa = PBXFileReference; explicitFileType = wrapper.application; includeInIndex = 0; path = wednesday.app; sourceTree = BUILT_PRODUCTS_DIR; };
		B16E9184238609E300B294BE /* AppDelegate.swift */ = {isa = PBXFileReference; lastKnownFileType = sourcecode.swift; path = AppDelegate.swift; sourceTree = "<group>"; };
		B16E9186238609E300B294BE /* ViewController.swift */ = {isa = PBXFileReference; lastKnownFileType = sourcecode.swift; path = ViewController.swift; sourceTree = "<group>"; };
		B16E9189238609E300B294BE /* Base */ = {isa = PBXFileReference; lastKnownFileType = file.storyboard; name = Base; path = Base.lproj/Main.storyboard; sourceTree = "<group>"; };
		B16E918B238609E400B294BE /* Assets.xcassets */ = {isa = PBXFileReference; lastKnownFileType = folder.assetcatalog; path = Assets.xcassets; sourceTree = "<group>"; };
		B16E918E238609E400B294BE /* Base */ = {isa = PBXFileReference; lastKnownFileType = file.storyboard; name = Base; path = Base.lproj/LaunchScreen.storyboard; sourceTree = "<group>"; };
		B16E9190238609E400B294BE /* Info.plist */ = {isa = PBXFileReference; lastKnownFileType = text.plist.xml; path = Info.plist; sourceTree = "<group>"; };
		B1E3325B238708A4006B63C5 /* GoogleService-Info.plist */ = {isa = PBXFileReference; fileEncoding = 4; lastKnownFileType = text.plist.xml; name = "GoogleService-Info.plist"; path = "../../../Downloads/GoogleService-Info.plist"; sourceTree = "<group>"; };
		B1E3325D23870A2E006B63C5 /* createViewController.swift */ = {isa = PBXFileReference; lastKnownFileType = sourcecode.swift; path = createViewController.swift; sourceTree = "<group>"; };
		B1E3325F23871C81006B63C5 /* mainViewController.swift */ = {isa = PBXFileReference; lastKnownFileType = sourcecode.swift; path = mainViewController.swift; sourceTree = "<group>"; };
		D2037EE5C87E7E49320042D5 /* Pods_wednesday.framework */ = {isa = PBXFileReference; explicitFileType = wrapper.framework; includeInIndex = 0; path = Pods_wednesday.framework; sourceTree = BUILT_PRODUCTS_DIR; };
/* End PBXFileReference section */

/* Begin PBXFrameworksBuildPhase section */
		B16E917E238609E300B294BE /* Frameworks */ = {
			isa = PBXFrameworksBuildPhase;
			buildActionMask = 2147483647;
			files = (
				7D9122073F8C4EE2DB5264A6 /* Pods_wednesday.framework in Frameworks */,
			);
			runOnlyForDeploymentPostprocessing = 0;
		};
/* End PBXFrameworksBuildPhase section */

/* Begin PBXGroup section */
		4B5F04C3A3602D7A3DA05945 /* Frameworks */ = {
			isa = PBXGroup;
			children = (
				D2037EE5C87E7E49320042D5 /* Pods_wednesday.framework */,
			);
			name = Frameworks;
			sourceTree = "<group>";
		};
		762182EED6461F81BEC01587 /* Pods */ = {
			isa = PBXGroup;
			children = (
				7BA2A4C3A133F736B4FD74C3 /* Pods-wednesday.debug.xcconfig */,
				4122262E272333424C475CBC /* Pods-wednesday.release.xcconfig */,
			);
			path = Pods;
			sourceTree = "<group>";
		};
		B16E9178238609E300B294BE = {
			isa = PBXGroup;
			children = (
				B16E9183238609E300B294BE /* wednesday */,
				B16E9182238609E300B294BE /* Products */,
				762182EED6461F81BEC01587 /* Pods */,
				4B5F04C3A3602D7A3DA05945 /* Frameworks */,
			);
			sourceTree = "<group>";
		};
		B16E9182238609E300B294BE /* Products */ = {
			isa = PBXGroup;
			children = (
				B16E9181238609E300B294BE /* wednesday.app */,
			);
			name = Products;
			sourceTree = "<group>";
		};
		B16E9183238609E300B294BE /* wednesday */ = {
			isa = PBXGroup;
			children = (
				B16E9184238609E300B294BE /* AppDelegate.swift */,
				B16E9186238609E300B294BE /* ViewController.swift */,
				B16E9188238609E300B294BE /* Main.storyboard */,
				B16E918B238609E400B294BE /* Assets.xcassets */,
				B16E918D238609E400B294BE /* LaunchScreen.storyboard */,
				B16E9190238609E400B294BE /* Info.plist */,
				B1E3325B238708A4006B63C5 /* GoogleService-Info.plist */,
				B1E3325D23870A2E006B63C5 /* createViewController.swift */,
				B1E3325F23871C81006B63C5 /* mainViewController.swift */,
			);
			path = wednesday;
			sourceTree = "<group>";
		};
/* End PBXGroup section */

/* Begin PBXNativeTarget section */
		B16E9180238609E300B294BE /* wednesday */ = {
			isa = PBXNativeTarget;
			buildConfigurationList = B16E9193238609E400B294BE /* Build configuration list for PBXNativeTarget "wednesday" */;
			buildPhases = (
				86A34A6B55BD6CEFA5F1BE16 /* [CP] Check Pods Manifest.lock */,
				B16E917D238609E300B294BE /* Sources */,
				B16E917E238609E300B294BE /* Frameworks */,
				B16E917F238609E300B294BE /* Resources */,
				805A773580C78095EC3F1FF7 /* [CP] Embed Pods Frameworks */,
			);
			buildRules = (
			);
			dependencies = (
			);
			name = wednesday;
			productName = wednesday;
			productReference = B16E9181238609E300B294BE /* wednesday.app */;
			productType = "com.apple.product-type.application";
		};
/* End PBXNativeTarget section */

/* Begin PBXProject section */
		B16E9179238609E300B294BE /* Project object */ = {
			isa = PBXProject;
			attributes = {
				LastSwiftUpdateCheck = 1030;
				LastUpgradeCheck = 1030;
				ORGANIZATIONNAME = centennialcollege;
				TargetAttributes = {
					B16E9180238609E300B294BE = {
						CreatedOnToolsVersion = 10.3;
					};
				};
			};
			buildConfigurationList = B16E917C238609E300B294BE /* Build configuration list for PBXProject "wednesday" */;
			compatibilityVersion = "Xcode 9.3";
			developmentRegion = en;
			hasScannedForEncodings = 0;
			knownRegions = (
				en,
				Base,
			);
			mainGroup = B16E9178238609E300B294BE;
			productRefGroup = B16E9182238609E300B294BE /* Products */;
			projectDirPath = "";
			projectRoot = "";
			targets = (
				B16E9180238609E300B294BE /* wednesday */,
			);
		};
/* End PBXProject section */

/* Begin PBXResourcesBuildPhase section */
		B16E917F238609E300B294BE /* Resources */ = {
			isa = PBXResourcesBuildPhase;
			buildActionMask = 2147483647;
			files = (
				B16E918F238609E400B294BE /* LaunchScreen.storyboard in Resources */,
				B1E3325C238708A4006B63C5 /* GoogleService-Info.plist in Resources */,
				B16E918C238609E400B294BE /* Assets.xcassets in Resources */,
				B16E918A238609E300B294BE /* Main.storyboard in Resources */,
			);
			runOnlyForDeploymentPostprocessing = 0;
		};
/* End PBXResourcesBuildPhase section */

/* Begin PBXShellScriptBuildPhase section */
		805A773580C78095EC3F1FF7 /* [CP] Embed Pods Frameworks */ = {
			isa = PBXShellScriptBuildPhase;
			buildActionMask = 2147483647;
			files = (
			);
			inputFileListPaths = (
				"${PODS_ROOT}/Target Support Files/Pods-wednesday/Pods-wednesday-frameworks-${CONFIGURATION}-input-files.xcfilelist",
			);
			name = "[CP] Embed Pods Frameworks";
			outputFileListPaths = (
				"${PODS_ROOT}/Target Support Files/Pods-wednesday/Pods-wednesday-frameworks-${CONFIGURATION}-output-files.xcfilelist",
			);
			runOnlyForDeploymentPostprocessing = 0;
			shellPath = /bin/sh;
			shellScript = "\"${PODS_ROOT}/Target Support Files/Pods-wednesday/Pods-wednesday-frameworks.sh\"\n";
			showEnvVarsInLog = 0;
		};
		86A34A6B55BD6CEFA5F1BE16 /* [CP] Check Pods Manifest.lock */ = {
			isa = PBXShellScriptBuildPhase;
			buildActionMask = 2147483647;
			files = (
			);
			inputFileListPaths = (
			);
			inputPaths = (
				"${PODS_PODFILE_DIR_PATH}/Podfile.lock",
				"${PODS_ROOT}/Manifest.lock",
			);
			name = "[CP] Check Pods Manifest.lock";
			outputFileListPaths = (
			);
			outputPaths = (
				"$(DERIVED_FILE_DIR)/Pods-wednesday-checkManifestLockResult.txt",
			);
			runOnlyForDeploymentPostprocessing = 0;
			shellPath = /bin/sh;
			shellScript = "diff \"${PODS_PODFILE_DIR_PATH}/Podfile.lock\" \"${PODS_ROOT}/Manifest.lock\" > /dev/null\nif [ $? != 0 ] ; then\n    # print error to STDERR\n    echo \"error: The sandbox is not in sync with the Podfile.lock. Run 'pod install' or update your CocoaPods installation.\" >&2\n    exit 1\nfi\n# This output is used by Xcode 'outputs' to avoid re-running this script phase.\necho \"SUCCESS\" > \"${SCRIPT_OUTPUT_FILE_0}\"\n";
			showEnvVarsInLog = 0;
		};
/* End PBXShellScriptBuildPhase section */

/* Begin PBXSourcesBuildPhase section */
		B16E917D238609E300B294BE /* Sources */ = {
			isa = PBXSourcesBuildPhase;
			buildActionMask = 2147483647;
			files = (
				B16E9187238609E300B294BE /* ViewController.swift in Sources */,
				B1E3325E23870A2E006B63C5 /* createViewController.swift in Sources */,
				B16E9185238609E300B294BE /* AppDelegate.swift in Sources */,
				B1E3326023871C81006B63C5 /* mainViewController.swift in Sources */,
			);
			runOnlyForDeploymentPostprocessing = 0;
		};
/* End PBXSourcesBuildPhase section */

/* Begin PBXVariantGroup section */
		B16E9188238609E300B294BE /* Main.storyboard */ = {
			isa = PBXVariantGroup;
			children = (
				B16E9189238609E300B294BE /* Base */,
			);
			name = Main.storyboard;
			sourceTree = "<group>";
		};
		B16E918D238609E400B294BE /* LaunchScreen.storyboard */ = {
			isa = PBXVariantGroup;
			children = (
				B16E918E238609E400B294BE /* Base */,
			);
			name = LaunchScreen.storyboard;
			sourceTree = "<group>";
		};
/* End PBXVariantGroup section */

/* Begin XCBuildConfiguration section */
		B16E9191238609E400B294BE /* Debug */ = {
			isa = XCBuildConfiguration;
			buildSettings = {
				ALWAYS_SEARCH_USER_PATHS = NO;
				CLANG_ANALYZER_NONNULL = YES;
				CLANG_ANALYZER_NUMBER_OBJECT_CONVERSION = YES_AGGRESSIVE;
				CLANG_CXX_LANGUAGE_STANDARD = "gnu++14";
				CLANG_CXX_LIBRARY = "libc++";
				CLANG_ENABLE_MODULES = YES;
				CLANG_ENABLE_OBJC_ARC = YES;
				CLANG_ENABLE_OBJC_WEAK = YES;
				CLANG_WARN_BLOCK_CAPTURE_AUTORELEASING = YES;
				CLANG_WARN_BOOL_CONVERSION = YES;
				CLANG_WARN_COMMA = YES;
				CLANG_WARN_CONSTANT_CONVERSION = YES;
				CLANG_WARN_DEPRECATED_OBJC_IMPLEMENTATIONS = YES;
				CLANG_WARN_DIRECT_OBJC_ISA_USAGE = YES_ERROR;
				CLANG_WARN_DOCUMENTATION_COMMENTS = YES;
				CLANG_WARN_EMPTY_BODY = YES;
				CLANG_WARN_ENUM_CONVERSION = YES;
				CLANG_WARN_INFINITE_RECURSION = YES;
				CLANG_WARN_INT_CONVERSION = YES;
				CLANG_WARN_NON_LITERAL_NULL_CONVERSION = YES;
				CLANG_WARN_OBJC_IMPLICIT_RETAIN_SELF = YES;
				CLANG_WARN_OBJC_LITERAL_CONVERSION = YES;
				CLANG_WARN_OBJC_ROOT_CLASS = YES_ERROR;
				CLANG_WARN_RANGE_LOOP_ANALYSIS = YES;
				CLANG_WARN_STRICT_PROTOTYPES = YES;
				CLANG_WARN_SUSPICIOUS_MOVE = YES;
				CLANG_WARN_UNGUARDED_AVAILABILITY = YES_AGGRESSIVE;
				CLANG_WARN_UNREACHABLE_CODE = YES;
				CLANG_WARN__DUPLICATE_METHOD_MATCH = YES;
				CODE_SIGN_IDENTITY = "iPhone Developer";
				COPY_PHASE_STRIP = NO;
				DEBUG_INFORMATION_FORMAT = dwarf;
				ENABLE_STRICT_OBJC_MSGSEND = YES;
				ENABLE_TESTABILITY = YES;
				GCC_C_LANGUAGE_STANDARD = gnu11;
				GCC_DYNAMIC_NO_PIC = NO;
				GCC_NO_COMMON_BLOCKS = YES;
				GCC_OPTIMIZATION_LEVEL = 0;
				GCC_PREPROCESSOR_DEFINITIONS = (
					"DEBUG=1",
					"$(inherited)",
				);
				GCC_WARN_64_TO_32_BIT_CONVERSION = YES;
				GCC_WARN_ABOUT_RETURN_TYPE = YES_ERROR;
				GCC_WARN_UNDECLARED_SELECTOR = YES;
				GCC_WARN_UNINITIALIZED_AUTOS = YES_AGGRESSIVE;
				GCC_WARN_UNUSED_FUNCTION = YES;
				GCC_WARN_UNUSED_VARIABLE = YES;
				IPHONEOS_DEPLOYMENT_TARGET = 12.4;
				MTL_ENABLE_DEBUG_INFO = INCLUDE_SOURCE;
				MTL_FAST_MATH = YES;
				ONLY_ACTIVE_ARCH = YES;
				SDKROOT = iphoneos;
				SWIFT_ACTIVE_COMPILATION_CONDITIONS = DEBUG;
				SWIFT_OPTIMIZATION_LEVEL = "-Onone";
			};
			name = Debug;
		};
		B16E9192238609E400B294BE /* Release */ = {
			isa = XCBuildConfiguration;
			buildSettings = {
				ALWAYS_SEARCH_USER_PATHS = NO;
				CLANG_ANALYZER_NONNULL = YES;
				CLANG_ANALYZER_NUMBER_OBJECT_CONVERSION = YES_AGGRESSIVE;
				CLANG_CXX_LANGUAGE_STANDARD = "gnu++14";
				CLANG_CXX_LIBRARY = "libc++";
				CLANG_ENABLE_MODULES = YES;
				CLANG_ENABLE_OBJC_ARC = YES;
				CLANG_ENABLE_OBJC_WEAK = YES;
				CLANG_WARN_BLOCK_CAPTURE_AUTORELEASING = YES;
				CLANG_WARN_BOOL_CONVERSION = YES;
				CLANG_WARN_COMMA = YES;
				CLANG_WARN_CONSTANT_CONVERSION = YES;
				CLANG_WARN_DEPRECATED_OBJC_IMPLEMENTATIONS = YES;
				CLANG_WARN_DIRECT_OBJC_ISA_USAGE = YES_ERROR;
				CLANG_WARN_DOCUMENTATION_COMMENTS = YES;
				CLANG_WARN_EMPTY_BODY = YES;
				CLANG_WARN_ENUM_CONVERSION = YES;
				CLANG_WARN_INFINITE_RECURSION = YES;
				CLANG_WARN_INT_CONVERSION = YES;
				CLANG_WARN_NON_LITERAL_NULL_CONVERSION = YES;
				CLANG_WARN_OBJC_IMPLICIT_RETAIN_SELF = YES;
				CLANG_WARN_OBJC_LITERAL_CONVERSION = YES;
				CLANG_WARN_OBJC_ROOT_CLASS = YES_ERROR;
				CLANG_WARN_RANGE_LOOP_ANALYSIS = YES;
				CLANG_WARN_STRICT_PROTOTYPES = YES;
				CLANG_WARN_SUSPICIOUS_MOVE = YES;
				CLANG_WARN_UNGUARDED_AVAILABILITY = YES_AGGRESSIVE;
				CLANG_WARN_UNREACHABLE_CODE = YES;
				CLANG_WARN__DUPLICATE_METHOD_MATCH = YES;
				CODE_SIGN_IDENTITY = "iPhone Developer";
				COPY_PHASE_STRIP = NO;
				DEBUG_INFORMATION_FORMAT = "dwarf-with-dsym";
				ENABLE_NS_ASSERTIONS = NO;
				ENABLE_STRICT_OBJC_MSGSEND = YES;
				GCC_C_LANGUAGE_STANDARD = gnu11;
				GCC_NO_COMMON_BLOCKS = YES;
				GCC_WARN_64_TO_32_BIT_CONVERSION = YES;
				GCC_WARN_ABOUT_RETURN_TYPE = YES_ERROR;
				GCC_WARN_UNDECLARED_SELECTOR = YES;
				GCC_WARN_UNINITIALIZED_AUTOS = YES_AGGRESSIVE;
				GCC_WARN_UNUSED_FUNCTION = YES;
				GCC_WARN_UNUSED_VARIABLE = YES;
				IPHONEOS_DEPLOYMENT_TARGET = 12.4;
				MTL_ENABLE_DEBUG_INFO = NO;
				MTL_FAST_MATH = YES;
				SDKROOT = iphoneos;
				SWIFT_COMPILATION_MODE = wholemodule;
				SWIFT_OPTIMIZATION_LEVEL = "-O";
				VALIDATE_PRODUCT = YES;
			};
			name = Release;
		};
		B16E9194238609E400B294BE /* Debug */ = {
			isa = XCBuildConfiguration;
			baseConfigurationReference = 7BA2A4C3A133F736B4FD74C3 /* Pods-wednesday.debug.xcconfig */;
			buildSettings = {
				ASSETCATALOG_COMPILER_APPICON_NAME = AppIcon;
				CODE_SIGN_STYLE = Automatic;
				DEVELOPMENT_TEAM = N77UC53HR6;
				INFOPLIST_FILE = wednesday/Info.plist;
				LD_RUNPATH_SEARCH_PATHS = (
					"$(inherited)",
					"@executable_path/Frameworks",
				);
				PRODUCT_BUNDLE_IDENTIFIER = com.example.centennialcollege.wednesday;
				PRODUCT_NAME = "$(TARGET_NAME)";
				SWIFT_VERSION = 5.0;
				TARGETED_DEVICE_FAMILY = "1,2";
			};
			name = Debug;
		};
		B16E9195238609E400B294BE /* Release */ = {
			isa = XCBuildConfiguration;
			baseConfigurationReference = 4122262E272333424C475CBC /* Pods-wednesday.release.xcconfig */;
			buildSettings = {
				ASSETCATALOG_COMPILER_APPICON_NAME = AppIcon;
				CODE_SIGN_STYLE = Automatic;
				DEVELOPMENT_TEAM = N77UC53HR6;
				INFOPLIST_FILE = wednesday/Info.plist;
				LD_RUNPATH_SEARCH_PATHS = (
					"$(inherited)",
					"@executable_path/Frameworks",
				);
				PRODUCT_BUNDLE_IDENTIFIER = com.example.centennialcollege.wednesday;
				PRODUCT_NAME = "$(TARGET_NAME)";
				SWIFT_VERSION = 5.0;
				TARGETED_DEVICE_FAMILY = "1,2";
			};
			name = Release;
		};
/* End XCBuildConfiguration section */

/* Begin XCConfigurationList section */
		B16E917C238609E300B294BE /* Build configuration list for PBXProject "wednesday" */ = {
			isa = XCConfigurationList;
			buildConfigurations = (
				B16E9191238609E400B294BE /* Debug */,
				B16E9192238609E400B294BE /* Release */,
			);
			defaultConfigurationIsVisible = 0;
			defaultConfigurationName = Release;
		};
		B16E9193238609E400B294BE /* Build configuration list for PBXNativeTarget "wednesday" */ = {
			isa = XCConfigurationList;
			buildConfigurations = (
				B16E9194238609E400B294BE /* Debug */,
				B16E9195238609E400B294BE /* Release */,
			);
			defaultConfigurationIsVisible = 0;
			defaultConfigurationName = Release;
		};
/* End XCConfigurationList section */
	};
	rootObject = B16E9179238609E300B294BE /* Project object */;
}
